
Microsoft Visual Studio Solution File, Format Version 12.00
# Visual Studio 2013
VisualStudioVersion = 12.0.40629.0
MinimumVisualStudioVersion = 10.0.40219.1
Project("{FAE04EC0-301F-11D3-BF4B-00C04F79EFBC}") = "Platform.Data.ConsoleTerminal", "Platform.Data.ConsoleTerminal\Platform.Data.ConsoleTerminal.csproj", "{11CAD7AD-8675-4826-B974-EFFAD027AC8C}"
EndProject
Project("{FAE04EC0-301F-11D3-BF4B-00C04F79EFBC}") = "Platform.Data.CrawlerServer", "Platform.Data.CrawlerServer\Platform.Data.CrawlerServer.csproj", "{A46A8EB2-D182-48F3-AEFA-71A580595859}"
EndProject
Global
	GlobalSection(SolutionConfigurationPlatforms) = preSolution
		Debug|Any CPU = Debug|Any CPU
		Release|Any CPU = Release|Any CPU
	EndGlobalSection
	GlobalSection(ProjectConfigurationPlatforms) = postSolution
		{11CAD7AD-8675-4826-B974-EFFAD027AC8C}.Debug|Any CPU.ActiveCfg = Debug|Any CPU
		{11CAD7AD-8675-4826-B974-EFFAD027AC8C}.Debug|Any CPU.Build.0 = Debug|Any CPU
		{11CAD7AD-8675-4826-B974-EFFAD027AC8C}.Release|Any CPU.ActiveCfg = Release|Any CPU
		{11CAD7AD-8675-4826-B974-EFFAD027AC8C}.Release|Any CPU.Build.0 = Release|Any CPU
		{A46A8EB2-D182-48F3-AEFA-71A580595859}.Debug|Any CPU.ActiveCfg = Debug|Any CPU
		{A46A8EB2-D182-48F3-AEFA-71A580595859}.Debug|Any CPU.Build.0 = Debug|Any CPU
		{A46A8EB2-D182-48F3-AEFA-71A580595859}.Release|Any CPU.ActiveCfg = Release|Any CPU
		{A46A8EB2-D182-48F3-AEFA-71A580595859}.Release|Any CPU.Build.0 = Release|Any CPU
	EndGlobalSection
	GlobalSection(SolutionProperties) = preSolution
		HideSolutionNode = FALSE
	EndGlobalSection
EndGlobal
